
Microsoft Visual Studio Solution File, Format Version 12.00
# Visual Studio 14
VisualStudioVersion = 14.0.25420.1
MinimumVisualStudioVersion = 10.0.40219.1
Project("{FAE04EC0-301F-11D3-BF4B-00C04F79EFBC}") = "Telefe_Examen_API", "Telefe_Examen_API\Telefe_Examen_API.csproj", "{6DB5C055-A201-4D91-B996-D786F4CBBE45}"
EndProject
Project("{FAE04EC0-301F-11D3-BF4B-00C04F79EFBC}") = "Services", "Services\Services.csproj", "{45D0D4B8-E8D1-498B-8777-34B2B5515BBD}"
EndProject
Project("{FAE04EC0-301F-11D3-BF4B-00C04F79EFBC}") = "Repositories", "Repositories\Repositories.csproj", "{6E6DAE1C-6604-477F-AE74-C83F8F85F388}"
EndProject
Project("{FAE04EC0-301F-11D3-BF4B-00C04F79EFBC}") = "Entities", "Entities\Entities.csproj", "{10942F89-BC4E-43E8-AF69-F9CAEA86DA7C}"
EndProject
Project("{00D1A9C2-B5F0-4AF3-8072-F6C62B433612}") = "Database", "Database\Database.sqlproj", "{F51D06FC-867D-4E94-8818-06482DBA9EC8}"
EndProject
Project("{2150E333-8FDC-42A3-9474-1A3956D46DE8}") = "Unit Tests", "Unit Tests", "{58050622-032C-44AB-9269-21C332E6D30C}"
EndProject
Project("{FAE04EC0-301F-11D3-BF4B-00C04F79EFBC}") = "UnitTests.Services", "UnitTests.Services\UnitTests.Services.csproj", "{03D49F38-C1CE-4725-A436-6076A0448C88}"
EndProject
Project("{FAE04EC0-301F-11D3-BF4B-00C04F79EFBC}") = "UnitTests.Telefe_Examen_API", "UnitTests.Telefe_Examen_API\UnitTests.Telefe_Examen_API.csproj", "{634B6551-7079-4D76-8A87-5DA8600B33B7}"
EndProject
Global
	GlobalSection(SolutionConfigurationPlatforms) = preSolution
		Debug|Any CPU = Debug|Any CPU
		Release|Any CPU = Release|Any CPU
	EndGlobalSection
	GlobalSection(ProjectConfigurationPlatforms) = postSolution
		{6DB5C055-A201-4D91-B996-D786F4CBBE45}.Debug|Any CPU.ActiveCfg = Debug|Any CPU
		{6DB5C055-A201-4D91-B996-D786F4CBBE45}.Debug|Any CPU.Build.0 = Debug|Any CPU
		{6DB5C055-A201-4D91-B996-D786F4CBBE45}.Release|Any CPU.ActiveCfg = Release|Any CPU
		{6DB5C055-A201-4D91-B996-D786F4CBBE45}.Release|Any CPU.Build.0 = Release|Any CPU
		{45D0D4B8-E8D1-498B-8777-34B2B5515BBD}.Debug|Any CPU.ActiveCfg = Debug|Any CPU
		{45D0D4B8-E8D1-498B-8777-34B2B5515BBD}.Debug|Any CPU.Build.0 = Debug|Any CPU
		{45D0D4B8-E8D1-498B-8777-34B2B5515BBD}.Release|Any CPU.ActiveCfg = Release|Any CPU
		{45D0D4B8-E8D1-498B-8777-34B2B5515BBD}.Release|Any CPU.Build.0 = Release|Any CPU
		{6E6DAE1C-6604-477F-AE74-C83F8F85F388}.Debug|Any CPU.ActiveCfg = Debug|Any CPU
		{6E6DAE1C-6604-477F-AE74-C83F8F85F388}.Debug|Any CPU.Build.0 = Debug|Any CPU
		{6E6DAE1C-6604-477F-AE74-C83F8F85F388}.Release|Any CPU.ActiveCfg = Release|Any CPU
		{6E6DAE1C-6604-477F-AE74-C83F8F85F388}.Release|Any CPU.Build.0 = Release|Any CPU
		{10942F89-BC4E-43E8-AF69-F9CAEA86DA7C}.Debug|Any CPU.ActiveCfg = Debug|Any CPU
		{10942F89-BC4E-43E8-AF69-F9CAEA86DA7C}.Debug|Any CPU.Build.0 = Debug|Any CPU
		{10942F89-BC4E-43E8-AF69-F9CAEA86DA7C}.Release|Any CPU.ActiveCfg = Release|Any CPU
		{10942F89-BC4E-43E8-AF69-F9CAEA86DA7C}.Release|Any CPU.Build.0 = Release|Any CPU
		{F51D06FC-867D-4E94-8818-06482DBA9EC8}.Debug|Any CPU.ActiveCfg = Debug|Any CPU
		{F51D06FC-867D-4E94-8818-06482DBA9EC8}.Debug|Any CPU.Build.0 = Debug|Any CPU
		{F51D06FC-867D-4E94-8818-06482DBA9EC8}.Debug|Any CPU.Deploy.0 = Debug|Any CPU
		{F51D06FC-867D-4E94-8818-06482DBA9EC8}.Release|Any CPU.ActiveCfg = Release|Any CPU
		{F51D06FC-867D-4E94-8818-06482DBA9EC8}.Release|Any CPU.Build.0 = Release|Any CPU
		{F51D06FC-867D-4E94-8818-06482DBA9EC8}.Release|Any CPU.Deploy.0 = Release|Any CPU
		{03D49F38-C1CE-4725-A436-6076A0448C88}.Debug|Any CPU.ActiveCfg = Debug|Any CPU
		{03D49F38-C1CE-4725-A436-6076A0448C88}.Debug|Any CPU.Build.0 = Debug|Any CPU
		{03D49F38-C1CE-4725-A436-6076A0448C88}.Release|Any CPU.ActiveCfg = Release|Any CPU
		{03D49F38-C1CE-4725-A436-6076A0448C88}.Release|Any CPU.Build.0 = Release|Any CPU
		{634B6551-7079-4D76-8A87-5DA8600B33B7}.Debug|Any CPU.ActiveCfg = Debug|Any CPU
		{634B6551-7079-4D76-8A87-5DA8600B33B7}.Debug|Any CPU.Build.0 = Debug|Any CPU
		{634B6551-7079-4D76-8A87-5DA8600B33B7}.Release|Any CPU.ActiveCfg = Release|Any CPU
		{634B6551-7079-4D76-8A87-5DA8600B33B7}.Release|Any CPU.Build.0 = Release|Any CPU
	EndGlobalSection
	GlobalSection(SolutionProperties) = preSolution
		HideSolutionNode = FALSE
	EndGlobalSection
	GlobalSection(NestedProjects) = preSolution
		{03D49F38-C1CE-4725-A436-6076A0448C88} = {58050622-032C-44AB-9269-21C332E6D30C}
		{634B6551-7079-4D76-8A87-5DA8600B33B7} = {58050622-032C-44AB-9269-21C332E6D30C}
	EndGlobalSection
EndGlobal
