
Microsoft Visual Studio Solution File, Format Version 12.00
# Visual Studio 14
VisualStudioVersion = 14.0.25420.1
MinimumVisualStudioVersion = 10.0.40219.1
Project("{FAE04EC0-301F-11D3-BF4B-00C04F79EFBC}") = "Telefe_Examen_API", "Telefe_Examen_API\Telefe_Examen_API.csproj", "{6DB5C055-A201-4D91-B996-D786F4CBBE45}"
EndProject
Project("{FAE04EC0-301F-11D3-BF4B-00C04F79EFBC}") = "Services", "Services\Services.csproj", "{45D0D4B8-E8D1-498B-8777-34B2B5515BBD}"
EndProject
Global
	GlobalSection(SolutionConfigurationPlatforms) = preSolution
		Debug|Any CPU = Debug|Any CPU
		Release|Any CPU = Release|Any CPU
	EndGlobalSection
	GlobalSection(ProjectConfigurationPlatforms) = postSolution
		{6DB5C055-A201-4D91-B996-D786F4CBBE45}.Debug|Any CPU.ActiveCfg = Debug|Any CPU
		{6DB5C055-A201-4D91-B996-D786F4CBBE45}.Debug|Any CPU.Build.0 = Debug|Any CPU
		{6DB5C055-A201-4D91-B996-D786F4CBBE45}.Release|Any CPU.ActiveCfg = Release|Any CPU
		{6DB5C055-A201-4D91-B996-D786F4CBBE45}.Release|Any CPU.Build.0 = Release|Any CPU
		{45D0D4B8-E8D1-498B-8777-34B2B5515BBD}.Debug|Any CPU.ActiveCfg = Debug|Any CPU
		{45D0D4B8-E8D1-498B-8777-34B2B5515BBD}.Debug|Any CPU.Build.0 = Debug|Any CPU
		{45D0D4B8-E8D1-498B-8777-34B2B5515BBD}.Release|Any CPU.ActiveCfg = Release|Any CPU
		{45D0D4B8-E8D1-498B-8777-34B2B5515BBD}.Release|Any CPU.Build.0 = Release|Any CPU
	EndGlobalSection
	GlobalSection(SolutionProperties) = preSolution
		HideSolutionNode = FALSE
	EndGlobalSection
EndGlobal
